
Microsoft Visual Studio Solution File, Format Version 12.00
# Visual Studio Version 16
VisualStudioVersion = 16.0.29215.179
MinimumVisualStudioVersion = 10.0.40219.1
Project("{FAE04EC0-301F-11D3-BF4B-00C04F79EFBC}") = "Banco", "Banco\Banco.csproj", "{430F3AE4-E120-406E-88FF-73A2740208B6}"
EndProject
Global
	GlobalSection(SolutionConfigurationPlatforms) = preSolution
		Debug|Any CPU = Debug|Any CPU
		Release|Any CPU = Release|Any CPU
	EndGlobalSection
	GlobalSection(ProjectConfigurationPlatforms) = postSolution
		{430F3AE4-E120-406E-88FF-73A2740208B6}.Debug|Any CPU.ActiveCfg = Debug|Any CPU
		{430F3AE4-E120-406E-88FF-73A2740208B6}.Debug|Any CPU.Build.0 = Debug|Any CPU
		{430F3AE4-E120-406E-88FF-73A2740208B6}.Release|Any CPU.ActiveCfg = Release|Any CPU
		{430F3AE4-E120-406E-88FF-73A2740208B6}.Release|Any CPU.Build.0 = Release|Any CPU
	EndGlobalSection
	GlobalSection(SolutionProperties) = preSolution
		HideSolutionNode = FALSE
	EndGlobalSection
	GlobalSection(ExtensibilityGlobals) = postSolution
		SolutionGuid = {21A3B05C-AC30-453C-9A01-1D8E056849DA}
	EndGlobalSection
EndGlobal
